
Microsoft Visual Studio Solution File, Format Version 12.00
# Visual Studio Version 17
VisualStudioVersion = 17.10.34607.79
MinimumVisualStudioVersion = 10.0.40219.1
Project("{FAE04EC0-301F-11D3-BF4B-00C04F79EFBC}") = "WebApplicationGlosario", "WebApplicationGlosario.csproj", "{417BB796-0218-4B9D-881E-D52C7536D066}"
EndProject
Global
	GlobalSection(SolutionConfigurationPlatforms) = preSolution
		Debug|Any CPU = Debug|Any CPU
		Release|Any CPU = Release|Any CPU
	EndGlobalSection
	GlobalSection(ProjectConfigurationPlatforms) = postSolution
		{417BB796-0218-4B9D-881E-D52C7536D066}.Debug|Any CPU.ActiveCfg = Debug|Any CPU
		{417BB796-0218-4B9D-881E-D52C7536D066}.Debug|Any CPU.Build.0 = Debug|Any CPU
		{417BB796-0218-4B9D-881E-D52C7536D066}.Release|Any CPU.ActiveCfg = Release|Any CPU
		{417BB796-0218-4B9D-881E-D52C7536D066}.Release|Any CPU.Build.0 = Release|Any CPU
	EndGlobalSection
	GlobalSection(SolutionProperties) = preSolution
		HideSolutionNode = FALSE
	EndGlobalSection
	GlobalSection(ExtensibilityGlobals) = postSolution
		SolutionGuid = {9AF9B98A-856F-4C64-B11E-4A8DCF2D5B37}
	EndGlobalSection
EndGlobal
