
Microsoft Visual Studio Solution File, Format Version 12.00
# Visual Studio Version 17
VisualStudioVersion = 17.10.34607.79
MinimumVisualStudioVersion = 10.0.40219.1
Project("{FAE04EC0-301F-11D3-BF4B-00C04F79EFBC}") = "CodeFirstAPI", "CodeFirstAPI\CodeFirstAPI.csproj", "{0F005456-86CB-4C91-89DF-10A79FA0A8AE}"
EndProject
Project("{FAE04EC0-301F-11D3-BF4B-00C04F79EFBC}") = "DB", "DB\DB.csproj", "{AB0F4C79-6EFD-4A1D-8035-31915143C482}"
EndProject
Global
	GlobalSection(SolutionConfigurationPlatforms) = preSolution
		Debug|Any CPU = Debug|Any CPU
		Release|Any CPU = Release|Any CPU
	EndGlobalSection
	GlobalSection(ProjectConfigurationPlatforms) = postSolution
		{0F005456-86CB-4C91-89DF-10A79FA0A8AE}.Debug|Any CPU.ActiveCfg = Debug|Any CPU
		{0F005456-86CB-4C91-89DF-10A79FA0A8AE}.Debug|Any CPU.Build.0 = Debug|Any CPU
		{0F005456-86CB-4C91-89DF-10A79FA0A8AE}.Release|Any CPU.ActiveCfg = Release|Any CPU
		{0F005456-86CB-4C91-89DF-10A79FA0A8AE}.Release|Any CPU.Build.0 = Release|Any CPU
		{AB0F4C79-6EFD-4A1D-8035-31915143C482}.Debug|Any CPU.ActiveCfg = Debug|Any CPU
		{AB0F4C79-6EFD-4A1D-8035-31915143C482}.Debug|Any CPU.Build.0 = Debug|Any CPU
		{AB0F4C79-6EFD-4A1D-8035-31915143C482}.Release|Any CPU.ActiveCfg = Release|Any CPU
		{AB0F4C79-6EFD-4A1D-8035-31915143C482}.Release|Any CPU.Build.0 = Release|Any CPU
	EndGlobalSection
	GlobalSection(SolutionProperties) = preSolution
		HideSolutionNode = FALSE
	EndGlobalSection
	GlobalSection(ExtensibilityGlobals) = postSolution
		SolutionGuid = {AF39AEC6-D739-4F72-8F39-08A4F8714A70}
	EndGlobalSection
EndGlobal
